Microsoft Visual Studio Solution File, Format Version 11.00
# Visual Studio 2008

Project("{95EE2103-1162-AF2C-4795-6CD702629CD0}") = "Ikki", "Assembly-CSharp.csproj", "{0B0A04E2-FF94-663E-7386-A29293EB060B}"
EndProject
Global
	GlobalSection(SolutionConfigurationPlatforms) = preSolution
		Debug|Any CPU = Debug|Any CPU
		Release|Any CPU = Release|Any CPU
	EndGlobalSection
	GlobalSection(ProjectConfigurationPlatforms) = postSolution
		{0B0A04E2-FF94-663E-7386-A29293EB060B}.Debug|Any CPU.ActiveCfg = Debug|Any CPU
		{0B0A04E2-FF94-663E-7386-A29293EB060B}.Debug|Any CPU.Build.0 = Debug|Any CPU
		{0B0A04E2-FF94-663E-7386-A29293EB060B}.Release|Any CPU.ActiveCfg = Release|Any CPU
		{0B0A04E2-FF94-663E-7386-A29293EB060B}.Release|Any CPU.Build.0 = Release|Any CPU
	EndGlobalSection
	GlobalSection(SolutionProperties) = preSolution
		HideSolutionNode = FALSE
	EndGlobalSection
	GlobalSection(MonoDevelopProperties) = preSolution
		StartupItem = Assembly-CSharp.csproj
	EndGlobalSection
EndGlobal
